// !$*UTF8*$!
{
	archiveVersion = 1;
	classes = {
	};
	objectVersion = 46;
	objects = {

/* Begin PBXBuildFile section */
		6B17D16B1F677FB10033EB2C /* main.m in Sources */ = {isa = PBXBuildFile; fileRef = 6B17D16A1F677FB10033EB2C /* main.m */; };
		6B17D16E1F677FB10033EB2C /* AppDelegate.m in Sources */ = {isa = PBXBuildFile; fileRef = 6B17D16D1F677FB10033EB2C /* AppDelegate.m */; };
		6B17D1711F677FB10033EB2C /* ViewController.m in Sources */ = {isa = PBXBuildFile; fileRef = 6B17D1701F677FB10033EB2C /* ViewController.m */; };
		6B17D1741F677FB10033EB2C /* Main.storyboard in Resources */ = {isa = PBXBuildFile; fileRef = 6B17D1721F677FB10033EB2C /* Main.storyboard */; };
		6B17D1761F677FB10033EB2C /* Assets.xcassets in Resources */ = {isa = PBXBuildFile; fileRef = 6B17D1751F677FB10033EB2C /* Assets.xcassets */; };
		6B17D1791F677FB10033EB2C /* LaunchScreen.storyboard in Resources */ = {isa = PBXBuildFile; fileRef = 6B17D1771F677FB10033EB2C /* LaunchScreen.storyboard */; };
/* End PBXBuildFile section */

/* Begin PBXFileReference section */
		6B17D1661F677FB10033EB2C /* DMSocket.app */ = {isa = PBXFileReference; explicitFileType = wrapper.application; includeInIndex = 0; path = DMSocket.app; sourceTree = BUILT_PRODUCTS_DIR; };
		6B17D16A1F677FB10033EB2C /* main.m */ = {isa = PBXFileReference; lastKnownFileType = sourcecode.c.objc; path = main.m; sourceTree = "<group>"; };
		6B17D16C1F677FB10033EB2C /* AppDelegate.h */ = {isa = PBXFileReference; lastKnownFileType = sourcecode.c.h; path = AppDelegate.h; sourceTree = "<group>"; };
		6B17D16D1F677FB10033EB2C /* AppDelegate.m */ = {isa = PBXFileReference; lastKnownFileType = sourcecode.c.objc; path = AppDelegate.m; sourceTree = "<group>"; };
		6B17D16F1F677FB10033EB2C /* ViewController.h */ = {isa = PBXFileReference; lastKnownFileType = sourcecode.c.h; path = ViewController.h; sourceTree = "<group>"; };
		6B17D1701F677FB10033EB2C /* ViewController.m */ = {isa = PBXFileReference; lastKnownFileType = sourcecode.c.objc; path = ViewController.m; sourceTree = "<group>"; };
		6B17D1731F677FB10033EB2C /* Base */ = {isa = PBXFileReference; lastKnownFileType = file.storyboard; name = Base; path = Base.lproj/Main.storyboard; sourceTree = "<group>"; };
		6B17D1751F677FB10033EB2C /* Assets.xcassets */ = {isa = PBXFileReference; lastKnownFileType = folder.assetcatalog; path = Assets.xcassets; sourceTree = "<group>"; };
		6B17D1781F677FB10033EB2C /* Base */ = {isa = PBXFileReference; lastKnownFileType = file.storyboard; name = Base; path = Base.lproj/LaunchScreen.storyboard; sourceTree = "<group>"; };
		6B17D17A1F677FB10033EB2C /* Info.plist */ = {isa = PBXFileReference; lastKnownFileType = text.plist.xml; path = Info.plist; sourceTree = "<group>"; };
/* End PBXFileReference section */

/* Begin PBXFrameworksBuildPhase section */
		6B17D1631F677FB10033EB2C /* Frameworks */ = {
			isa = PBXFrameworksBuildPhase;
			buildActionMask = 2147483647;
			files = (
			);
			runOnlyForDeploymentPostprocessing = 0;
		};
/* End PBXFrameworksBuildPhase section */

/* Begin PBXGroup section */
		6B17D15D1F677FB10033EB2C = {
			isa = PBXGroup;
			children = (
				6B17D1681F677FB10033EB2C /* DMSocket */,
				6B17D1671F677FB10033EB2C /* Products */,
			);
			sourceTree = "<group>";
		};
		6B17D1671F677FB10033EB2C /* Products */ = {
			isa = PBXGroup;
			children = (
				6B17D1661F677FB10033EB2C /* DMSocket.app */,
			);
			name = Products;
			sourceTree = "<group>";
		};
		6B17D1681F677FB10033EB2C /* DMSocket */ = {
			isa = PBXGroup;
			children = (
				6B17D16C1F677FB10033EB2C /* AppDelegate.h */,
				6B17D16D1F677FB10033EB2C /* AppDelegate.m */,
				6B17D16F1F677FB10033EB2C /* ViewController.h */,
				6B17D1701F677FB10033EB2C /* ViewController.m */,
				6B17D1721F677FB10033EB2C /* Main.storyboard */,
				6B17D1751F677FB10033EB2C /* Assets.xcassets */,
				6B17D1771F677FB10033EB2C /* LaunchScreen.storyboard */,
				6B17D17A1F677FB10033EB2C /* Info.plist */,
				6B17D1691F677FB10033EB2C /* Supporting Files */,
			);
			path = DMSocket;
			sourceTree = "<group>";
		};
		6B17D1691F677FB10033EB2C /* Supporting Files */ = {
			isa = PBXGroup;
			children = (
				6B17D16A1F677FB10033EB2C /* main.m */,
			);
			name = "Supporting Files";
			sourceTree = "<group>";
		};
/* End PBXGroup section */

/* Begin PBXNativeTarget section */
		6B17D1651F677FB10033EB2C /* DMSocket */ = {
			isa = PBXNativeTarget;
			buildConfigurationList = 6B17D17D1F677FB10033EB2C /* Build configuration list for PBXNativeTarget "DMSocket" */;
			buildPhases = (
				6B17D1621F677FB10033EB2C /* Sources */,
				6B17D1631F677FB10033EB2C /* Frameworks */,
				6B17D1641F677FB10033EB2C /* Resources */,
			);
			buildRules = (
			);
			dependencies = (
			);
			name = DMSocket;
			productName = DMSocket;
			productReference = 6B17D1661F677FB10033EB2C /* DMSocket.app */;
			productType = "com.apple.product-type.application";
		};
/* End PBXNativeTarget section */

/* Begin PBXProject section */
		6B17D15E1F677FB10033EB2C /* Project object */ = {
			isa = PBXProject;
			attributes = {
				LastUpgradeCheck = 0830;
				ORGANIZATIONNAME = lbq;
				TargetAttributes = {
					6B17D1651F677FB10033EB2C = {
						CreatedOnToolsVersion = 8.3.1;
						ProvisioningStyle = Automatic;
					};
				};
			};
			buildConfigurationList = 6B17D1611F677FB10033EB2C /* Build configuration list for PBXProject "DMSocket" */;
			compatibilityVersion = "Xcode 3.2";
			developmentRegion = English;
			hasScannedForEncodings = 0;
			knownRegions = (
				en,
				Base,
			);
			mainGroup = 6B17D15D1F677FB10033EB2C;
			productRefGroup = 6B17D1671F677FB10033EB2C /* Products */;
			projectDirPath = "";
			projectRoot = "";
			targets = (
				6B17D1651F677FB10033EB2C /* DMSocket */,
			);
		};
/* End PBXProject section */

/* Begin PBXResourcesBuildPhase section */
		6B17D1641F677FB10033EB2C /* Resources */ = {
			isa = PBXResourcesBuildPhase;
			buildActionMask = 2147483647;
			files = (
				6B17D1791F677FB10033EB2C /* LaunchScreen.storyboard in Resources */,
				6B17D1761F677FB10033EB2C /* Assets.xcassets in Resources */,
				6B17D1741F677FB10033EB2C /* Main.storyboard in Resources */,
			);
			runOnlyForDeploymentPostprocessing = 0;
		};
/* End PBXResourcesBuildPhase section */

/* Begin PBXSourcesBuildPhase section */
		6B17D1621F677FB10033EB2C /* Sources */ = {
			isa = PBXSourcesBuildPhase;
			buildActionMask = 2147483647;
			files = (
				6B17D1711F677FB10033EB2C /* ViewController.m in Sources */,
				6B17D16E1F677FB10033EB2C /* AppDelegate.m in Sources */,
				6B17D16B1F677FB10033EB2C /* main.m in Sources */,
			);
			runOnlyForDeploymentPostprocessing = 0;
		};
/* End PBXSourcesBuildPhase section */

/* Begin PBXVariantGroup section */
		6B17D1721F677FB10033EB2C /* Main.storyboard */ = {
			isa = PBXVariantGroup;
			children = (
				6B17D1731F677FB10033EB2C /* Base */,
			);
			name = Main.storyboard;
			sourceTree = "<group>";
		};
		6B17D1771F677FB10033EB2C /* LaunchScreen.storyboard */ = {
			isa = PBXVariantGroup;
			children = (
				6B17D1781F677FB10033EB2C /* Base */,
			);
			name = LaunchScreen.storyboard;
			sourceTree = "<group>";
		};
/* End PBXVariantGroup section */

/* Begin XCBuildConfiguration section */
		6B17D17B1F677FB10033EB2C /* Debug */ = {
			isa = XCBuildConfiguration;
			buildSettings = {
				ALWAYS_SEARCH_USER_PATHS = NO;
				CLANG_ANALYZER_NONNULL = YES;
				CLANG_ANALYZER_NUMBER_OBJECT_CONVERSION = YES_AGGRESSIVE;
				CLANG_CXX_LANGUAGE_STANDARD = "gnu++0x";
				CLANG_CXX_LIBRARY = "libc++";
				CLANG_ENABLE_MODULES = YES;
				CLANG_ENABLE_OBJC_ARC = YES;
				CLANG_WARN_BOOL_CONVERSION = YES;
				CLANG_WARN_CONSTANT_CONVERSION = YES;
				CLANG_WARN_DIRECT_OBJC_ISA_USAGE = YES_ERROR;
				CLANG_WARN_DOCUMENTATION_COMMENTS = YES;
				CLANG_WARN_EMPTY_BODY = YES;
				CLANG_WARN_ENUM_CONVERSION = YES;
				CLANG_WARN_INFINITE_RECURSION = YES;
				CLANG_WARN_INT_CONVERSION = YES;
				CLANG_WARN_OBJC_ROOT_CLASS = YES_ERROR;
				CLANG_WARN_SUSPICIOUS_MOVE = YES;
				CLANG_WARN_UNREACHABLE_CODE = YES;
				CLANG_WARN__DUPLICATE_METHOD_MATCH = YES;
				"CODE_SIGN_IDENTITY[sdk=iphoneos*]" = "iPhone Developer";
				COPY_PHASE_STRIP = NO;
				DEBUG_INFORMATION_FORMAT = dwarf;
				ENABLE_STRICT_OBJC_MSGSEND = YES;
				ENABLE_TESTABILITY = YES;
				GCC_C_LANGUAGE_STANDARD = gnu99;
				GCC_DYNAMIC_NO_PIC = NO;
				GCC_NO_COMMON_BLOCKS = YES;
				GCC_OPTIMIZATION_LEVEL = 0;
				GCC_PREPROCESSOR_DEFINITIONS = (
					"DEBUG=1",
					"$(inherited)",
				);
				GCC_WARN_64_TO_32_BIT_CONVERSION = YES;
				GCC_WARN_ABOUT_RETURN_TYPE = YES_ERROR;
				GCC_WARN_UNDECLARED_SELECTOR = YES;
				GCC_WARN_UNINITIALIZED_AUTOS = YES_AGGRESSIVE;
				GCC_WARN_UNUSED_FUNCTION = YES;
				GCC_WARN_UNUSED_VARIABLE = YES;
				IPHONEOS_DEPLOYMENT_TARGET = 10.3;
				MTL_ENABLE_DEBUG_INFO = YES;
				ONLY_ACTIVE_ARCH = YES;
				SDKROOT = iphoneos;
				TARGETED_DEVICE_FAMILY = "1,2";
			};
			name = Debug;
		};
		6B17D17C1F677FB10033EB2C /* Release */ = {
			isa = XCBuildConfiguration;
			buildSettings = {
				ALWAYS_SEARCH_USER_PATHS = NO;
				CLANG_ANALYZER_NONNULL = YES;
				CLANG_ANALYZER_NUMBER_OBJECT_CONVERSION = YES_AGGRESSIVE;
				CLANG_CXX_LANGUAGE_STANDARD = "gnu++0x";
				CLANG_CXX_LIBRARY = "libc++";
				CLANG_ENABLE_MODULES = YES;
				CLANG_ENABLE_OBJC_ARC = YES;
				CLANG_WARN_BOOL_CONVERSION = YES;
				CLANG_WARN_CONSTANT_CONVERSION = YES;
				CLANG_WARN_DIRECT_OBJC_ISA_USAGE = YES_ERROR;
				CLANG_WARN_DOCUMENTATION_COMMENTS = YES;
				CLANG_WARN_EMPTY_BODY = YES;
				CLANG_WARN_ENUM_CONVERSION = YES;
				CLANG_WARN_INFINITE_RECURSION = YES;
				CLANG_WARN_INT_CONVERSION = YES;
				CLANG_WARN_OBJC_ROOT_CLASS = YES_ERROR;
				CLANG_WARN_SUSPICIOUS_MOVE = YES;
				CLANG_WARN_UNREACHABLE_CODE = YES;
				CLANG_WARN__DUPLICATE_METHOD_MATCH = YES;
				"CODE_SIGN_IDENTITY[sdk=iphoneos*]" = "iPhone Developer";
				COPY_PHASE_STRIP = NO;
				DEBUG_INFORMATION_FORMAT = "dwarf-with-dsym";
				ENABLE_NS_ASSERTIONS = NO;
				ENABLE_STRICT_OBJC_MSGSEND = YES;
				GCC_C_LANGUAGE_STANDARD = gnu99;
				GCC_NO_COMMON_BLOCKS = YES;
				GCC_WARN_64_TO_32_BIT_CONVERSION = YES;
				GCC_WARN_ABOUT_RETURN_TYPE = YES_ERROR;
				GCC_WARN_UNDECLARED_SELECTOR = YES;
				GCC_WARN_UNINITIALIZED_AUTOS = YES_AGGRESSIVE;
				GCC_WARN_UNUSED_FUNCTION = YES;
				GCC_WARN_UNUSED_VARIABLE = YES;
				IPHONEOS_DEPLOYMENT_TARGET = 10.3;
				MTL_ENABLE_DEBUG_INFO = NO;
				SDKROOT = iphoneos;
				TARGETED_DEVICE_FAMILY = "1,2";
				VALIDATE_PRODUCT = YES;
			};
			name = Release;
		};
		6B17D17E1F677FB10033EB2C /* Debug */ = {
			isa = XCBuildConfiguration;
			buildSettings = {
				ASSETCATALOG_COMPILER_APPICON_NAME = AppIcon;
				INFOPLIST_FILE = DMSocket/Info.plist;
				LD_RUNPATH_SEARCH_PATHS = "$(inherited) @executable_path/Frameworks";
				PRODUCT_BUNDLE_IDENTIFIER = com.yiqi.DMSocket;
				PRODUCT_NAME = "$(TARGET_NAME)";
			};
			name = Debug;
		};
		6B17D17F1F677FB10033EB2C /* Release */ = {
			isa = XCBuildConfiguration;
			buildSettings = {
				ASSETCATALOG_COMPILER_APPICON_NAME = AppIcon;
				INFOPLIST_FILE = DMSocket/Info.plist;
				LD_RUNPATH_SEARCH_PATHS = "$(inherited) @executable_path/Frameworks";
				PRODUCT_BUNDLE_IDENTIFIER = com.yiqi.DMSocket;
				PRODUCT_NAME = "$(TARGET_NAME)";
			};
			name = Release;
		};
/* End XCBuildConfiguration section */

/* Begin XCConfigurationList section */
		6B17D1611F677FB10033EB2C /* Build configuration list for PBXProject "DMSocket" */ = {
			isa = XCConfigurationList;
			buildConfigurations = (
				6B17D17B1F677FB10033EB2C /* Debug */,
				6B17D17C1F677FB10033EB2C /* Release */,
			);
			defaultConfigurationIsVisible = 0;
			defaultConfigurationName = Release;
		};
		6B17D17D1F677FB10033EB2C /* Build configuration list for PBXNativeTarget "DMSocket" */ = {
			isa = XCConfigurationList;
			buildConfigurations = (
				6B17D17E1F677FB10033EB2C /* Debug */,
				6B17D17F1F677FB10033EB2C /* Release */,
			);
			defaultConfigurationIsVisible = 0;
		};
/* End XCConfigurationList section */
	};
	rootObject = 6B17D15E1F677FB10033EB2C /* Project object */;
}
